
Microsoft Visual Studio Solution File, Format Version 12.00
# Visual Studio 15
VisualStudioVersion = 15.0.33919.361
MinimumVisualStudioVersion = 10.0.40219.1
Project("{FAE04EC0-301F-11D3-BF4B-00C04F79EFBC}") = "Calendar", "Calendar\Calendar.csproj", "{302ADF76-C53A-4E9C-9328-5338554C6FB9}"
EndProject
Project("{FAE04EC0-301F-11D3-BF4B-00C04F79EFBC}") = "Calendar.Entity", "Calendar.Entity\Calendar.Entity.csproj", "{E6FA01BF-8396-482D-BA23-CBE721D8EE41}"
EndProject
Project("{FAE04EC0-301F-11D3-BF4B-00C04F79EFBC}") = "Calendar.DataAccess", "Calendar.DataAccess\Calendar.DataAccess.csproj", "{C81E3514-7144-48B8-80CC-2CE52369D08F}"
EndProject
Project("{FAE04EC0-301F-11D3-BF4B-00C04F79EFBC}") = "Calendar.Business", "CalendarBusiness\Calendar.Business.csproj", "{FFFA8323-AB2A-49C8-94F3-70BED8633AF6}"
EndProject
Global
	GlobalSection(SolutionConfigurationPlatforms) = preSolution
		Debug|Any CPU = Debug|Any CPU
		Release|Any CPU = Release|Any CPU
	EndGlobalSection
	GlobalSection(ProjectConfigurationPlatforms) = postSolution
		{302ADF76-C53A-4E9C-9328-5338554C6FB9}.Debug|Any CPU.ActiveCfg = Debug|Any CPU
		{302ADF76-C53A-4E9C-9328-5338554C6FB9}.Debug|Any CPU.Build.0 = Debug|Any CPU
		{302ADF76-C53A-4E9C-9328-5338554C6FB9}.Release|Any CPU.ActiveCfg = Release|Any CPU
		{302ADF76-C53A-4E9C-9328-5338554C6FB9}.Release|Any CPU.Build.0 = Release|Any CPU
		{E6FA01BF-8396-482D-BA23-CBE721D8EE41}.Debug|Any CPU.ActiveCfg = Debug|Any CPU
		{E6FA01BF-8396-482D-BA23-CBE721D8EE41}.Debug|Any CPU.Build.0 = Debug|Any CPU
		{E6FA01BF-8396-482D-BA23-CBE721D8EE41}.Release|Any CPU.ActiveCfg = Release|Any CPU
		{E6FA01BF-8396-482D-BA23-CBE721D8EE41}.Release|Any CPU.Build.0 = Release|Any CPU
		{C81E3514-7144-48B8-80CC-2CE52369D08F}.Debug|Any CPU.ActiveCfg = Debug|Any CPU
		{C81E3514-7144-48B8-80CC-2CE52369D08F}.Debug|Any CPU.Build.0 = Debug|Any CPU
		{C81E3514-7144-48B8-80CC-2CE52369D08F}.Release|Any CPU.ActiveCfg = Release|Any CPU
		{C81E3514-7144-48B8-80CC-2CE52369D08F}.Release|Any CPU.Build.0 = Release|Any CPU
		{FFFA8323-AB2A-49C8-94F3-70BED8633AF6}.Debug|Any CPU.ActiveCfg = Debug|Any CPU
		{FFFA8323-AB2A-49C8-94F3-70BED8633AF6}.Debug|Any CPU.Build.0 = Debug|Any CPU
		{FFFA8323-AB2A-49C8-94F3-70BED8633AF6}.Release|Any CPU.ActiveCfg = Release|Any CPU
		{FFFA8323-AB2A-49C8-94F3-70BED8633AF6}.Release|Any CPU.Build.0 = Release|Any CPU
	EndGlobalSection
	GlobalSection(SolutionProperties) = preSolution
		HideSolutionNode = FALSE
	EndGlobalSection
	GlobalSection(ExtensibilityGlobals) = postSolution
		SolutionGuid = {C4FD588E-FDB6-4DE1-9B93-6E6C98B17EA6}
	EndGlobalSection
EndGlobal
